
Microsoft Visual Studio Solution File, Format Version 12.00
# Visual Studio Version 16
VisualStudioVersion = 16.0.29215.179
MinimumVisualStudioVersion = 10.0.40219.1
Project("{9A19103F-16F7-4668-BE54-9A1E7A4F7556}") = "Networking", "Networking\Networking.csproj", "{A68611BB-92F9-4E03-B042-05CA9881A624}"
EndProject
Project("{FAE04EC0-301F-11D3-BF4B-00C04F79EFBC}") = "AstrandServer", "HealthcareServer\AstrandServer.csproj", "{5F38177E-6E58-4F95-8B9A-046B6D6EC1AA}"
EndProject
Project("{FAE04EC0-301F-11D3-BF4B-00C04F79EFBC}") = "UIControls", "UIControls\UIControls.csproj", "{26C1D311-4195-41C6-87B0-F96DE976452D}"
EndProject
Project("{FAE04EC0-301F-11D3-BF4B-00C04F79EFBC}") = "AstrandClient", "HealthcareClient\AstrandClient.csproj", "{C84020DB-59FE-44B0-B307-9C5DD3444143}"
EndProject
Project("{FAE04EC0-301F-11D3-BF4B-00C04F79EFBC}") = "AstrandDoctor", "HealthcareDoctor\AstrandDoctor.csproj", "{27F191E6-E366-4310-8C26-D88C0E630494}"
EndProject
Project("{FAE04EC0-301F-11D3-BF4B-00C04F79EFBC}") = "projectTests", "projectTests\projectTests.csproj", "{D9D01B58-EF80-4C98-AA80-30868C697223}"
EndProject
Global
	GlobalSection(SolutionConfigurationPlatforms) = preSolution
		Debug|Any CPU = Debug|Any CPU
		Release|Any CPU = Release|Any CPU
	EndGlobalSection
	GlobalSection(ProjectConfigurationPlatforms) = postSolution
		{A68611BB-92F9-4E03-B042-05CA9881A624}.Debug|Any CPU.ActiveCfg = Debug|Any CPU
		{A68611BB-92F9-4E03-B042-05CA9881A624}.Debug|Any CPU.Build.0 = Debug|Any CPU
		{A68611BB-92F9-4E03-B042-05CA9881A624}.Release|Any CPU.ActiveCfg = Release|Any CPU
		{A68611BB-92F9-4E03-B042-05CA9881A624}.Release|Any CPU.Build.0 = Release|Any CPU
		{5F38177E-6E58-4F95-8B9A-046B6D6EC1AA}.Debug|Any CPU.ActiveCfg = Debug|Any CPU
		{5F38177E-6E58-4F95-8B9A-046B6D6EC1AA}.Debug|Any CPU.Build.0 = Debug|Any CPU
		{5F38177E-6E58-4F95-8B9A-046B6D6EC1AA}.Release|Any CPU.ActiveCfg = Release|Any CPU
		{5F38177E-6E58-4F95-8B9A-046B6D6EC1AA}.Release|Any CPU.Build.0 = Release|Any CPU
		{26C1D311-4195-41C6-87B0-F96DE976452D}.Debug|Any CPU.ActiveCfg = Debug|Any CPU
		{26C1D311-4195-41C6-87B0-F96DE976452D}.Debug|Any CPU.Build.0 = Debug|Any CPU
		{26C1D311-4195-41C6-87B0-F96DE976452D}.Release|Any CPU.ActiveCfg = Release|Any CPU
		{26C1D311-4195-41C6-87B0-F96DE976452D}.Release|Any CPU.Build.0 = Release|Any CPU
		{C84020DB-59FE-44B0-B307-9C5DD3444143}.Debug|Any CPU.ActiveCfg = Debug|Any CPU
		{C84020DB-59FE-44B0-B307-9C5DD3444143}.Debug|Any CPU.Build.0 = Debug|Any CPU
		{C84020DB-59FE-44B0-B307-9C5DD3444143}.Release|Any CPU.ActiveCfg = Release|Any CPU
		{C84020DB-59FE-44B0-B307-9C5DD3444143}.Release|Any CPU.Build.0 = Release|Any CPU
		{27F191E6-E366-4310-8C26-D88C0E630494}.Debug|Any CPU.ActiveCfg = Debug|Any CPU
		{27F191E6-E366-4310-8C26-D88C0E630494}.Debug|Any CPU.Build.0 = Debug|Any CPU
		{27F191E6-E366-4310-8C26-D88C0E630494}.Release|Any CPU.ActiveCfg = Release|Any CPU
		{27F191E6-E366-4310-8C26-D88C0E630494}.Release|Any CPU.Build.0 = Release|Any CPU
		{D9D01B58-EF80-4C98-AA80-30868C697223}.Debug|Any CPU.ActiveCfg = Debug|Any CPU
		{D9D01B58-EF80-4C98-AA80-30868C697223}.Debug|Any CPU.Build.0 = Debug|Any CPU
		{D9D01B58-EF80-4C98-AA80-30868C697223}.Release|Any CPU.ActiveCfg = Release|Any CPU
		{D9D01B58-EF80-4C98-AA80-30868C697223}.Release|Any CPU.Build.0 = Release|Any CPU
	EndGlobalSection
	GlobalSection(SolutionProperties) = preSolution
		HideSolutionNode = FALSE
	EndGlobalSection
	GlobalSection(ExtensibilityGlobals) = postSolution
		SolutionGuid = {C82DF56E-8D2D-48A1-AD47-9CA6F31CB94E}
	EndGlobalSection
EndGlobal
